
Microsoft Visual Studio Solution File, Format Version 12.00
# Visual Studio 15
VisualStudioVersion = 15.0.28307.1000
MinimumVisualStudioVersion = 10.0.40219.1
Project("{FAE04EC0-301F-11D3-BF4B-00C04F79EFBC}") = "AudioEditor", "AudioEditor\AudioEditor.csproj", "{9020FA5D-0E95-44C0-8742-C5B0A4E35966}"
EndProject
Global
	GlobalSection(SolutionConfigurationPlatforms) = preSolution
		Debug|Any CPU = Debug|Any CPU
		Release|Any CPU = Release|Any CPU
	EndGlobalSection
	GlobalSection(ProjectConfigurationPlatforms) = postSolution
		{9020FA5D-0E95-44C0-8742-C5B0A4E35966}.Debug|Any CPU.ActiveCfg = Debug|Any CPU
		{9020FA5D-0E95-44C0-8742-C5B0A4E35966}.Debug|Any CPU.Build.0 = Debug|Any CPU
		{9020FA5D-0E95-44C0-8742-C5B0A4E35966}.Release|Any CPU.ActiveCfg = Release|Any CPU
		{9020FA5D-0E95-44C0-8742-C5B0A4E35966}.Release|Any CPU.Build.0 = Release|Any CPU
	EndGlobalSection
	GlobalSection(SolutionProperties) = preSolution
		HideSolutionNode = FALSE
	EndGlobalSection
	GlobalSection(ExtensibilityGlobals) = postSolution
		SolutionGuid = {CF1F5D3F-A45E-494F-87C0-89871BD6EDA4}
	EndGlobalSection
EndGlobal
